
Microsoft Visual Studio Solution File, Format Version 12.00
# Visual Studio Version 16
VisualStudioVersion = 16.0.30523.141
MinimumVisualStudioVersion = 10.0.40219.1
Project("{FAE04EC0-301F-11D3-BF4B-00C04F79EFBC}") = "BinaryPicture", "BinaryPicture\BinaryPicture.csproj", "{F698533A-B8C1-4F2D-BFD4-C881B6BCFC4E}"
EndProject
Global
	GlobalSection(SolutionConfigurationPlatforms) = preSolution
		Debug|Any CPU = Debug|Any CPU
		Release|Any CPU = Release|Any CPU
	EndGlobalSection
	GlobalSection(ProjectConfigurationPlatforms) = postSolution
		{F698533A-B8C1-4F2D-BFD4-C881B6BCFC4E}.Debug|Any CPU.ActiveCfg = Debug|Any CPU
		{F698533A-B8C1-4F2D-BFD4-C881B6BCFC4E}.Debug|Any CPU.Build.0 = Debug|Any CPU
		{F698533A-B8C1-4F2D-BFD4-C881B6BCFC4E}.Debug|Any CPU.Deploy.0 = Debug|Any CPU
		{F698533A-B8C1-4F2D-BFD4-C881B6BCFC4E}.Release|Any CPU.ActiveCfg = Release|Any CPU
		{F698533A-B8C1-4F2D-BFD4-C881B6BCFC4E}.Release|Any CPU.Build.0 = Release|Any CPU
		{F698533A-B8C1-4F2D-BFD4-C881B6BCFC4E}.Release|Any CPU.Deploy.0 = Release|Any CPU
	EndGlobalSection
	GlobalSection(SolutionProperties) = preSolution
		HideSolutionNode = FALSE
	EndGlobalSection
	GlobalSection(ExtensibilityGlobals) = postSolution
		SolutionGuid = {9904810F-2517-495A-B287-33DCFF0187C1}
	EndGlobalSection
EndGlobal
